
Microsoft Visual Studio Solution File, Format Version 11.00
# Visual Studio 2010
Project("{FAE04EC0-301F-11D3-BF4B-00C04F79EFBC}") = "Assembly-CSharp", "Assembly-CSharp.csproj", "{3D70817D-482B-C7C6-1855-0F173E362183}"
EndProject
Project("{FAE04EC0-301F-11D3-BF4B-00C04F79EFBC}") = "Assembly-CSharp-Editor", "Assembly-CSharp-Editor.csproj", "{FEA5D4A5-908E-D376-9C42-882C4D7E82C9}"
EndProject
Global
	GlobalSection(SolutionConfigurationPlatforms) = preSolution
		Debug|Any CPU = Debug|Any CPU
		Release|Any CPU = Release|Any CPU
	EndGlobalSection
	GlobalSection(ProjectConfigurationPlatforms) = postSolution
		{3D70817D-482B-C7C6-1855-0F173E362183}.Debug|Any CPU.ActiveCfg = Debug|Any CPU
		{3D70817D-482B-C7C6-1855-0F173E362183}.Debug|Any CPU.Build.0 = Debug|Any CPU
		{3D70817D-482B-C7C6-1855-0F173E362183}.Release|Any CPU.ActiveCfg = Release|Any CPU
		{3D70817D-482B-C7C6-1855-0F173E362183}.Release|Any CPU.Build.0 = Release|Any CPU
		{FEA5D4A5-908E-D376-9C42-882C4D7E82C9}.Debug|Any CPU.ActiveCfg = Debug|Any CPU
		{FEA5D4A5-908E-D376-9C42-882C4D7E82C9}.Debug|Any CPU.Build.0 = Debug|Any CPU
		{FEA5D4A5-908E-D376-9C42-882C4D7E82C9}.Release|Any CPU.ActiveCfg = Release|Any CPU
		{FEA5D4A5-908E-D376-9C42-882C4D7E82C9}.Release|Any CPU.Build.0 = Release|Any CPU
	EndGlobalSection
	GlobalSection(SolutionProperties) = preSolution
		HideSolutionNode = FALSE
	EndGlobalSection
EndGlobal
